<Solution>
  <Folder Name="/BuildingBlocks/">
    <Project Path="src/BuildingBlocks/Eventify.IntegrationEvents/Eventify.IntegrationEvents.csproj" />
    <Project Path="src/BuildingBlocks/Eventify.SharedKernel/Eventify.SharedKernel.csproj" />
  </Folder>
  <Folder Name="/Solution-Items/">
    <File Path="Directory.Build.props" />
    <File Path="Directory.Packages.props" />
  </Folder>
</Solution>
